// !$*UTF8*$!
{
	archiveVersion = 1;
	classes = {
	};
	objectVersion = 55;
	objects = {

/* Begin PBXBuildFile section */
		8EDDA1D928C0EF8900ED2773 /* Moonshot_AppApp.swift in Sources */ = {isa = PBXBuildFile; fileRef = 8EDDA1D828C0EF8900ED2773 /* Moonshot_AppApp.swift */; };
		8EDDA1DB28C0EF8900ED2773 /* ContentView.swift in Sources */ = {isa = PBXBuildFile; fileRef = 8EDDA1DA28C0EF8900ED2773 /* ContentView.swift */; };
		8EDDA1DD28C0EF8C00ED2773 /* Assets.xcassets in Resources */ = {isa = PBXBuildFile; fileRef = 8EDDA1DC28C0EF8C00ED2773 /* Assets.xcassets */; };
		8EDDA1E028C0EF8C00ED2773 /* Preview Assets.xcassets in Resources */ = {isa = PBXBuildFile; fileRef = 8EDDA1DF28C0EF8C00ED2773 /* Preview Assets.xcassets */; };
		8EDDA1EA28C0EF8D00ED2773 /* Moonshot_AppTests.swift in Sources */ = {isa = PBXBuildFile; fileRef = 8EDDA1E928C0EF8D00ED2773 /* Moonshot_AppTests.swift */; };
		8EDDA1F428C0EF8D00ED2773 /* Moonshot_AppUITests.swift in Sources */ = {isa = PBXBuildFile; fileRef = 8EDDA1F328C0EF8D00ED2773 /* Moonshot_AppUITests.swift */; };
		8EDDA1F628C0EF8D00ED2773 /* Moonshot_AppUITestsLaunchTests.swift in Sources */ = {isa = PBXBuildFile; fileRef = 8EDDA1F528C0EF8D00ED2773 /* Moonshot_AppUITestsLaunchTests.swift */; };
/* End PBXBuildFile section */

/* Begin PBXContainerItemProxy section */
		8EDDA1E628C0EF8D00ED2773 /* PBXContainerItemProxy */ = {
			isa = PBXContainerItemProxy;
			containerPortal = 8EDDA1CD28C0EF8900ED2773 /* Project object */;
			proxyType = 1;
			remoteGlobalIDString = 8EDDA1D428C0EF8900ED2773;
			remoteInfo = "Moonshot App";
		};
		8EDDA1F028C0EF8D00ED2773 /* PBXContainerItemProxy */ = {
			isa = PBXContainerItemProxy;
			containerPortal = 8EDDA1CD28C0EF8900ED2773 /* Project object */;
			proxyType = 1;
			remoteGlobalIDString = 8EDDA1D428C0EF8900ED2773;
			remoteInfo = "Moonshot App";
		};
/* End PBXContainerItemProxy section */

/* Begin PBXFileReference section */
		8EDDA1D528C0EF8900ED2773 /* Moonshot App.app */ = {isa = PBXFileReference; explicitFileType = wrapper.application; includeInIndex = 0; path = "Moonshot App.app"; sourceTree = BUILT_PRODUCTS_DIR; };
		8EDDA1D828C0EF8900ED2773 /* Moonshot_AppApp.swift */ = {isa = PBXFileReference; lastKnownFileType = sourcecode.swift; path = Moonshot_AppApp.swift; sourceTree = "<group>"; };
		8EDDA1DA28C0EF8900ED2773 /* ContentView.swift */ = {isa = PBXFileReference; lastKnownFileType = sourcecode.swift; path = ContentView.swift; sourceTree = "<group>"; };
		8EDDA1DC28C0EF8C00ED2773 /* Assets.xcassets */ = {isa = PBXFileReference; lastKnownFileType = folder.assetcatalog; path = Assets.xcassets; sourceTree = "<group>"; };
		8EDDA1DF28C0EF8C00ED2773 /* Preview Assets.xcassets */ = {isa = PBXFileReference; lastKnownFileType = folder.assetcatalog; path = "Preview Assets.xcassets"; sourceTree = "<group>"; };
		8EDDA1E528C0EF8D00ED2773 /* Moonshot AppTests.xctest */ = {isa = PBXFileReference; explicitFileType = wrapper.cfbundle; includeInIndex = 0; path = "Moonshot AppTests.xctest"; sourceTree = BUILT_PRODUCTS_DIR; };
		8EDDA1E928C0EF8D00ED2773 /* Moonshot_AppTests.swift */ = {isa = PBXFileReference; lastKnownFileType = sourcecode.swift; path = Moonshot_AppTests.swift; sourceTree = "<group>"; };
		8EDDA1EF28C0EF8D00ED2773 /* Moonshot AppUITests.xctest */ = {isa = PBXFileReference; explicitFileType = wrapper.cfbundle; includeInIndex = 0; path = "Moonshot AppUITests.xctest"; sourceTree = BUILT_PRODUCTS_DIR; };
		8EDDA1F328C0EF8D00ED2773 /* Moonshot_AppUITests.swift */ = {isa = PBXFileReference; lastKnownFileType = sourcecode.swift; path = Moonshot_AppUITests.swift; sourceTree = "<group>"; };
		8EDDA1F528C0EF8D00ED2773 /* Moonshot_AppUITestsLaunchTests.swift */ = {isa = PBXFileReference; lastKnownFileType = sourcecode.swift; path = Moonshot_AppUITestsLaunchTests.swift; sourceTree = "<group>"; };
/* End PBXFileReference section */

/* Begin PBXFrameworksBuildPhase section */
		8EDDA1D228C0EF8900ED2773 /* Frameworks */ = {
			isa = PBXFrameworksBuildPhase;
			buildActionMask = 2147483647;
			files = (
			);
			runOnlyForDeploymentPostprocessing = 0;
		};
		8EDDA1E228C0EF8D00ED2773 /* Frameworks */ = {
			isa = PBXFrameworksBuildPhase;
			buildActionMask = 2147483647;
			files = (
			);
			runOnlyForDeploymentPostprocessing = 0;
		};
		8EDDA1EC28C0EF8D00ED2773 /* Frameworks */ = {
			isa = PBXFrameworksBuildPhase;
			buildActionMask = 2147483647;
			files = (
			);
			runOnlyForDeploymentPostprocessing = 0;
		};
/* End PBXFrameworksBuildPhase section */

/* Begin PBXGroup section */
		8EDDA1CC28C0EF8900ED2773 = {
			isa = PBXGroup;
			children = (
				8EDDA1D728C0EF8900ED2773 /* Moonshot App */,
				8EDDA1E828C0EF8D00ED2773 /* Moonshot AppTests */,
				8EDDA1F228C0EF8D00ED2773 /* Moonshot AppUITests */,
				8EDDA1D628C0EF8900ED2773 /* Products */,
			);
			sourceTree = "<group>";
		};
		8EDDA1D628C0EF8900ED2773 /* Products */ = {
			isa = PBXGroup;
			children = (
				8EDDA1D528C0EF8900ED2773 /* Moonshot App.app */,
				8EDDA1E528C0EF8D00ED2773 /* Moonshot AppTests.xctest */,
				8EDDA1EF28C0EF8D00ED2773 /* Moonshot AppUITests.xctest */,
			);
			name = Products;
			sourceTree = "<group>";
		};
		8EDDA1D728C0EF8900ED2773 /* Moonshot App */ = {
			isa = PBXGroup;
			children = (
				8EDDA1D828C0EF8900ED2773 /* Moonshot_AppApp.swift */,
				8EDDA1DA28C0EF8900ED2773 /* ContentView.swift */,
				8EDDA1DC28C0EF8C00ED2773 /* Assets.xcassets */,
				8EDDA1DE28C0EF8C00ED2773 /* Preview Content */,
			);
			path = "Moonshot App";
			sourceTree = "<group>";
		};
		8EDDA1DE28C0EF8C00ED2773 /* Preview Content */ = {
			isa = PBXGroup;
			children = (
				8EDDA1DF28C0EF8C00ED2773 /* Preview Assets.xcassets */,
			);
			path = "Preview Content";
			sourceTree = "<group>";
		};
		8EDDA1E828C0EF8D00ED2773 /* Moonshot AppTests */ = {
			isa = PBXGroup;
			children = (
				8EDDA1E928C0EF8D00ED2773 /* Moonshot_AppTests.swift */,
			);
			path = "Moonshot AppTests";
			sourceTree = "<group>";
		};
		8EDDA1F228C0EF8D00ED2773 /* Moonshot AppUITests */ = {
			isa = PBXGroup;
			children = (
				8EDDA1F328C0EF8D00ED2773 /* Moonshot_AppUITests.swift */,
				8EDDA1F528C0EF8D00ED2773 /* Moonshot_AppUITestsLaunchTests.swift */,
			);
			path = "Moonshot AppUITests";
			sourceTree = "<group>";
		};
/* End PBXGroup section */

/* Begin PBXNativeTarget section */
		8EDDA1D428C0EF8900ED2773 /* Moonshot App */ = {
			isa = PBXNativeTarget;
			buildConfigurationList = 8EDDA1F928C0EF8D00ED2773 /* Build configuration list for PBXNativeTarget "Moonshot App" */;
			buildPhases = (
				8EDDA1D128C0EF8900ED2773 /* Sources */,
				8EDDA1D228C0EF8900ED2773 /* Frameworks */,
				8EDDA1D328C0EF8900ED2773 /* Resources */,
			);
			buildRules = (
			);
			dependencies = (
			);
			name = "Moonshot App";
			productName = "Moonshot App";
			productReference = 8EDDA1D528C0EF8900ED2773 /* Moonshot App.app */;
			productType = "com.apple.product-type.application";
		};
		8EDDA1E428C0EF8D00ED2773 /* Moonshot AppTests */ = {
			isa = PBXNativeTarget;
			buildConfigurationList = 8EDDA1FC28C0EF8D00ED2773 /* Build configuration list for PBXNativeTarget "Moonshot AppTests" */;
			buildPhases = (
				8EDDA1E128C0EF8D00ED2773 /* Sources */,
				8EDDA1E228C0EF8D00ED2773 /* Frameworks */,
				8EDDA1E328C0EF8D00ED2773 /* Resources */,
			);
			buildRules = (
			);
			dependencies = (
				8EDDA1E728C0EF8D00ED2773 /* PBXTargetDependency */,
			);
			name = "Moonshot AppTests";
			productName = "Moonshot AppTests";
			productReference = 8EDDA1E528C0EF8D00ED2773 /* Moonshot AppTests.xctest */;
			productType = "com.apple.product-type.bundle.unit-test";
		};
		8EDDA1EE28C0EF8D00ED2773 /* Moonshot AppUITests */ = {
			isa = PBXNativeTarget;
			buildConfigurationList = 8EDDA1FF28C0EF8D00ED2773 /* Build configuration list for PBXNativeTarget "Moonshot AppUITests" */;
			buildPhases = (
				8EDDA1EB28C0EF8D00ED2773 /* Sources */,
				8EDDA1EC28C0EF8D00ED2773 /* Frameworks */,
				8EDDA1ED28C0EF8D00ED2773 /* Resources */,
			);
			buildRules = (
			);
			dependencies = (
				8EDDA1F128C0EF8D00ED2773 /* PBXTargetDependency */,
			);
			name = "Moonshot AppUITests";
			productName = "Moonshot AppUITests";
			productReference = 8EDDA1EF28C0EF8D00ED2773 /* Moonshot AppUITests.xctest */;
			productType = "com.apple.product-type.bundle.ui-testing";
		};
/* End PBXNativeTarget section */

/* Begin PBXProject section */
		8EDDA1CD28C0EF8900ED2773 /* Project object */ = {
			isa = PBXProject;
			attributes = {
				BuildIndependentTargetsInParallel = 1;
				LastSwiftUpdateCheck = 1340;
				LastUpgradeCheck = 1340;
				TargetAttributes = {
					8EDDA1D428C0EF8900ED2773 = {
						CreatedOnToolsVersion = 13.4.1;
					};
					8EDDA1E428C0EF8D00ED2773 = {
						CreatedOnToolsVersion = 13.4.1;
						TestTargetID = 8EDDA1D428C0EF8900ED2773;
					};
					8EDDA1EE28C0EF8D00ED2773 = {
						CreatedOnToolsVersion = 13.4.1;
						TestTargetID = 8EDDA1D428C0EF8900ED2773;
					};
				};
			};
			buildConfigurationList = 8EDDA1D028C0EF8900ED2773 /* Build configuration list for PBXProject "Moonshot App" */;
			compatibilityVersion = "Xcode 13.0";
			developmentRegion = en;
			hasScannedForEncodings = 0;
			knownRegions = (
				en,
				Base,
			);
			mainGroup = 8EDDA1CC28C0EF8900ED2773;
			productRefGroup = 8EDDA1D628C0EF8900ED2773 /* Products */;
			projectDirPath = "";
			projectRoot = "";
			targets = (
				8EDDA1D428C0EF8900ED2773 /* Moonshot App */,
				8EDDA1E428C0EF8D00ED2773 /* Moonshot AppTests */,
				8EDDA1EE28C0EF8D00ED2773 /* Moonshot AppUITests */,
			);
		};
/* End PBXProject section */

/* Begin PBXResourcesBuildPhase section */
		8EDDA1D328C0EF8900ED2773 /* Resources */ = {
			isa = PBXResourcesBuildPhase;
			buildActionMask = 2147483647;
			files = (
				8EDDA1E028C0EF8C00ED2773 /* Preview Assets.xcassets in Resources */,
				8EDDA1DD28C0EF8C00ED2773 /* Assets.xcassets in Resources */,
			);
			runOnlyForDeploymentPostprocessing = 0;
		};
		8EDDA1E328C0EF8D00ED2773 /* Resources */ = {
			isa = PBXResourcesBuildPhase;
			buildActionMask = 2147483647;
			files = (
			);
			runOnlyForDeploymentPostprocessing = 0;
		};
		8EDDA1ED28C0EF8D00ED2773 /* Resources */ = {
			isa = PBXResourcesBuildPhase;
			buildActionMask = 2147483647;
			files = (
			);
			runOnlyForDeploymentPostprocessing = 0;
		};
/* End PBXResourcesBuildPhase section */

/* Begin PBXSourcesBuildPhase section */
		8EDDA1D128C0EF8900ED2773 /* Sources */ = {
			isa = PBXSourcesBuildPhase;
			buildActionMask = 2147483647;
			files = (
				8EDDA1DB28C0EF8900ED2773 /* ContentView.swift in Sources */,
				8EDDA1D928C0EF8900ED2773 /* Moonshot_AppApp.swift in Sources */,
			);
			runOnlyForDeploymentPostprocessing = 0;
		};
		8EDDA1E128C0EF8D00ED2773 /* Sources */ = {
			isa = PBXSourcesBuildPhase;
			buildActionMask = 2147483647;
			files = (
				8EDDA1EA28C0EF8D00ED2773 /* Moonshot_AppTests.swift in Sources */,
			);
			runOnlyForDeploymentPostprocessing = 0;
		};
		8EDDA1EB28C0EF8D00ED2773 /* Sources */ = {
			isa = PBXSourcesBuildPhase;
			buildActionMask = 2147483647;
			files = (
				8EDDA1F428C0EF8D00ED2773 /* Moonshot_AppUITests.swift in Sources */,
				8EDDA1F628C0EF8D00ED2773 /* Moonshot_AppUITestsLaunchTests.swift in Sources */,
			);
			runOnlyForDeploymentPostprocessing = 0;
		};
/* End PBXSourcesBuildPhase section */

/* Begin PBXTargetDependency section */
		8EDDA1E728C0EF8D00ED2773 /* PBXTargetDependency */ = {
			isa = PBXTargetDependency;
			target = 8EDDA1D428C0EF8900ED2773 /* Moonshot App */;
			targetProxy = 8EDDA1E628C0EF8D00ED2773 /* PBXContainerItemProxy */;
		};
		8EDDA1F128C0EF8D00ED2773 /* PBXTargetDependency */ = {
			isa = PBXTargetDependency;
			target = 8EDDA1D428C0EF8900ED2773 /* Moonshot App */;
			targetProxy = 8EDDA1F028C0EF8D00ED2773 /* PBXContainerItemProxy */;
		};
/* End PBXTargetDependency section */

/* Begin XCBuildConfiguration section */
		8EDDA1F728C0EF8D00ED2773 /* Debug */ = {
			isa = XCBuildConfiguration;
			buildSettings = {
				ALWAYS_SEARCH_USER_PATHS = NO;
				CLANG_ANALYZER_NONNULL = YES;
				CLANG_ANALYZER_NUMBER_OBJECT_CONVERSION = YES_AGGRESSIVE;
				CLANG_CXX_LANGUAGE_STANDARD = "gnu++17";
				CLANG_ENABLE_MODULES = YES;
				CLANG_ENABLE_OBJC_ARC = YES;
				CLANG_ENABLE_OBJC_WEAK = YES;
				CLANG_WARN_BLOCK_CAPTURE_AUTORELEASING = YES;
				CLANG_WARN_BOOL_CONVERSION = YES;
				CLANG_WARN_COMMA = YES;
				CLANG_WARN_CONSTANT_CONVERSION = YES;
				CLANG_WARN_DEPRECATED_OBJC_IMPLEMENTATIONS = YES;
				CLANG_WARN_DIRECT_OBJC_ISA_USAGE = YES_ERROR;
				CLANG_WARN_DOCUMENTATION_COMMENTS = YES;
				CLANG_WARN_EMPTY_BODY = YES;
				CLANG_WARN_ENUM_CONVERSION = YES;
				CLANG_WARN_INFINITE_RECURSION = YES;
				CLANG_WARN_INT_CONVERSION = YES;
				CLANG_WARN_NON_LITERAL_NULL_CONVERSION = YES;
				CLANG_WARN_OBJC_IMPLICIT_RETAIN_SELF = YES;
				CLANG_WARN_OBJC_LITERAL_CONVERSION = YES;
				CLANG_WARN_OBJC_ROOT_CLASS = YES_ERROR;
				CLANG_WARN_QUOTED_INCLUDE_IN_FRAMEWORK_HEADER = YES;
				CLANG_WARN_RANGE_LOOP_ANALYSIS = YES;
				CLANG_WARN_STRICT_PROTOTYPES = YES;
				CLANG_WARN_SUSPICIOUS_MOVE = YES;
				CLANG_WARN_UNGUARDED_AVAILABILITY = YES_AGGRESSIVE;
				CLANG_WARN_UNREACHABLE_CODE = YES;
				CLANG_WARN__DUPLICATE_METHOD_MATCH = YES;
				COPY_PHASE_STRIP = NO;
				DEBUG_INFORMATION_FORMAT = dwarf;
				ENABLE_STRICT_OBJC_MSGSEND = YES;
				ENABLE_TESTABILITY = YES;
				GCC_C_LANGUAGE_STANDARD = gnu11;
				GCC_DYNAMIC_NO_PIC = NO;
				GCC_NO_COMMON_BLOCKS = YES;
				GCC_OPTIMIZATION_LEVEL = 0;
				GCC_PREPROCESSOR_DEFINITIONS = (
					"DEBUG=1",
					"$(inherited)",
				);
				GCC_WARN_64_TO_32_BIT_CONVERSION = YES;
				GCC_WARN_ABOUT_RETURN_TYPE = YES_ERROR;
				GCC_WARN_UNDECLARED_SELECTOR = YES;
				GCC_WARN_UNINITIALIZED_AUTOS = YES_AGGRESSIVE;
				GCC_WARN_UNUSED_FUNCTION = YES;
				GCC_WARN_UNUSED_VARIABLE = YES;
				IPHONEOS_DEPLOYMENT_TARGET = 15.5;
				MTL_ENABLE_DEBUG_INFO = INCLUDE_SOURCE;
				MTL_FAST_MATH = YES;
				ONLY_ACTIVE_ARCH = YES;
				SDKROOT = iphoneos;
				SWIFT_ACTIVE_COMPILATION_CONDITIONS = DEBUG;
				SWIFT_OPTIMIZATION_LEVEL = "-Onone";
			};
			name = Debug;
		};
		8EDDA1F828C0EF8D00ED2773 /* Release */ = {
			isa = XCBuildConfiguration;
			buildSettings = {
				ALWAYS_SEARCH_USER_PATHS = NO;
				CLANG_ANALYZER_NONNULL = YES;
				CLANG_ANALYZER_NUMBER_OBJECT_CONVERSION = YES_AGGRESSIVE;
				CLANG_CXX_LANGUAGE_STANDARD = "gnu++17";
				CLANG_ENABLE_MODULES = YES;
				CLANG_ENABLE_OBJC_ARC = YES;
				CLANG_ENABLE_OBJC_WEAK = YES;
				CLANG_WARN_BLOCK_CAPTURE_AUTORELEASING = YES;
				CLANG_WARN_BOOL_CONVERSION = YES;
				CLANG_WARN_COMMA = YES;
				CLANG_WARN_CONSTANT_CONVERSION = YES;
				CLANG_WARN_DEPRECATED_OBJC_IMPLEMENTATIONS = YES;
				CLANG_WARN_DIRECT_OBJC_ISA_USAGE = YES_ERROR;
				CLANG_WARN_DOCUMENTATION_COMMENTS = YES;
				CLANG_WARN_EMPTY_BODY = YES;
				CLANG_WARN_ENUM_CONVERSION = YES;
				CLANG_WARN_INFINITE_RECURSION = YES;
				CLANG_WARN_INT_CONVERSION = YES;
				CLANG_WARN_NON_LITERAL_NULL_CONVERSION = YES;
				CLANG_WARN_OBJC_IMPLICIT_RETAIN_SELF = YES;
				CLANG_WARN_OBJC_LITERAL_CONVERSION = YES;
				CLANG_WARN_OBJC_ROOT_CLASS = YES_ERROR;
				CLANG_WARN_QUOTED_INCLUDE_IN_FRAMEWORK_HEADER = YES;
				CLANG_WARN_RANGE_LOOP_ANALYSIS = YES;
				CLANG_WARN_STRICT_PROTOTYPES = YES;
				CLANG_WARN_SUSPICIOUS_MOVE = YES;
				CLANG_WARN_UNGUARDED_AVAILABILITY = YES_AGGRESSIVE;
				CLANG_WARN_UNREACHABLE_CODE = YES;
				CLANG_WARN__DUPLICATE_METHOD_MATCH = YES;
				COPY_PHASE_STRIP = NO;
				DEBUG_INFORMATION_FORMAT = "dwarf-with-dsym";
				ENABLE_NS_ASSERTIONS = NO;
				ENABLE_STRICT_OBJC_MSGSEND = YES;
				GCC_C_LANGUAGE_STANDARD = gnu11;
				GCC_NO_COMMON_BLOCKS = YES;
				GCC_WARN_64_TO_32_BIT_CONVERSION = YES;
				GCC_WARN_ABOUT_RETURN_TYPE = YES_ERROR;
				GCC_WARN_UNDECLARED_SELECTOR = YES;
				GCC_WARN_UNINITIALIZED_AUTOS = YES_AGGRESSIVE;
				GCC_WARN_UNUSED_FUNCTION = YES;
				GCC_WARN_UNUSED_VARIABLE = YES;
				IPHONEOS_DEPLOYMENT_TARGET = 15.5;
				MTL_ENABLE_DEBUG_INFO = NO;
				MTL_FAST_MATH = YES;
				SDKROOT = iphoneos;
				SWIFT_COMPILATION_MODE = wholemodule;
				SWIFT_OPTIMIZATION_LEVEL = "-O";
				VALIDATE_PRODUCT = YES;
			};
			name = Release;
		};
		8EDDA1FA28C0EF8D00ED2773 /* Debug */ = {
			isa = XCBuildConfiguration;
			buildSettings = {
				ASSETCATALOG_COMPILER_APPICON_NAME = AppIcon;
				ASSETCATALOG_COMPILER_GLOBAL_ACCENT_COLOR_NAME = AccentColor;
				CODE_SIGN_STYLE = Automatic;
				CURRENT_PROJECT_VERSION = 1;
				DEVELOPMENT_ASSET_PATHS = "\"Moonshot App/Preview Content\"";
				DEVELOPMENT_TEAM = C493VDTW7S;
				ENABLE_PREVIEWS = YES;
				GENERATE_INFOPLIST_FILE = YES;
				INFOPLIST_KEY_UIApplicationSceneManifest_Generation = YES;
				INFOPLIST_KEY_UIApplicationSupportsIndirectInputEvents = YES;
				INFOPLIST_KEY_UILaunchScreen_Generation = YES;
				INFOPLIST_KEY_UISupportedInterfaceOrientations_iPad = "UIInterfaceOrientationPortrait UIInterfaceOrientationPortraitUpsideDown UIInterfaceOrientationLandscapeLeft UIInterfaceOrientationLandscapeRight";
				INFOPLIST_KEY_UISupportedInterfaceOrientations_iPhone = "UIInterfaceOrientationPortrait UIInterfaceOrientationLandscapeLeft UIInterfaceOrientationLandscapeRight";
				LD_RUNPATH_SEARCH_PATHS = (
					"$(inherited)",
					"@executable_path/Frameworks",
				);
				MARKETING_VERSION = 1.0;
				PRODUCT_BUNDLE_IDENTIFIER = "calmdays.Moonshot-App";
				PRODUCT_NAME = "$(TARGET_NAME)";
				SWIFT_EMIT_LOC_STRINGS = YES;
				SWIFT_VERSION = 5.0;
				TARGETED_DEVICE_FAMILY = "1,2";
			};
			name = Debug;
		};
		8EDDA1FB28C0EF8D00ED2773 /* Release */ = {
			isa = XCBuildConfiguration;
			buildSettings = {
				ASSETCATALOG_COMPILER_APPICON_NAME = AppIcon;
				ASSETCATALOG_COMPILER_GLOBAL_ACCENT_COLOR_NAME = AccentColor;
				CODE_SIGN_STYLE = Automatic;
				CURRENT_PROJECT_VERSION = 1;
				DEVELOPMENT_ASSET_PATHS = "\"Moonshot App/Preview Content\"";
				DEVELOPMENT_TEAM = C493VDTW7S;
				ENABLE_PREVIEWS = YES;
				GENERATE_INFOPLIST_FILE = YES;
				INFOPLIST_KEY_UIApplicationSceneManifest_Generation = YES;
				INFOPLIST_KEY_UIApplicationSupportsIndirectInputEvents = YES;
				INFOPLIST_KEY_UILaunchScreen_Generation = YES;
				INFOPLIST_KEY_UISupportedInterfaceOrientations_iPad = "UIInterfaceOrientationPortrait UIInterfaceOrientationPortraitUpsideDown UIInterfaceOrientationLandscapeLeft UIInterfaceOrientationLandscapeRight";
				INFOPLIST_KEY_UISupportedInterfaceOrientations_iPhone = "UIInterfaceOrientationPortrait UIInterfaceOrientationLandscapeLeft UIInterfaceOrientationLandscapeRight";
				LD_RUNPATH_SEARCH_PATHS = (
					"$(inherited)",
					"@executable_path/Frameworks",
				);
				MARKETING_VERSION = 1.0;
				PRODUCT_BUNDLE_IDENTIFIER = "calmdays.Moonshot-App";
				PRODUCT_NAME = "$(TARGET_NAME)";
				SWIFT_EMIT_LOC_STRINGS = YES;
				SWIFT_VERSION = 5.0;
				TARGETED_DEVICE_FAMILY = "1,2";
			};
			name = Release;
		};
		8EDDA1FD28C0EF8D00ED2773 /* Debug */ = {
			isa = XCBuildConfiguration;
			buildSettings = {
				ALWAYS_EMBED_SWIFT_STANDARD_LIBRARIES = YES;
				BUNDLE_LOADER = "$(TEST_HOST)";
				CODE_SIGN_STYLE = Automatic;
				CURRENT_PROJECT_VERSION = 1;
				DEVELOPMENT_TEAM = C493VDTW7S;
				GENERATE_INFOPLIST_FILE = YES;
				IPHONEOS_DEPLOYMENT_TARGET = 15.5;
				MARKETING_VERSION = 1.0;
				PRODUCT_BUNDLE_IDENTIFIER = "calmdays.Moonshot-AppTests";
				PRODUCT_NAME = "$(TARGET_NAME)";
				SWIFT_EMIT_LOC_STRINGS = NO;
				SWIFT_VERSION = 5.0;
				TARGETED_DEVICE_FAMILY = "1,2";
				TEST_HOST = "$(BUILT_PRODUCTS_DIR)/Moonshot App.app/Moonshot App";
			};
			name = Debug;
		};
		8EDDA1FE28C0EF8D00ED2773 /* Release */ = {
			isa = XCBuildConfiguration;
			buildSettings = {
				ALWAYS_EMBED_SWIFT_STANDARD_LIBRARIES = YES;
				BUNDLE_LOADER = "$(TEST_HOST)";
				CODE_SIGN_STYLE = Automatic;
				CURRENT_PROJECT_VERSION = 1;
				DEVELOPMENT_TEAM = C493VDTW7S;
				GENERATE_INFOPLIST_FILE = YES;
				IPHONEOS_DEPLOYMENT_TARGET = 15.5;
				MARKETING_VERSION = 1.0;
				PRODUCT_BUNDLE_IDENTIFIER = "calmdays.Moonshot-AppTests";
				PRODUCT_NAME = "$(TARGET_NAME)";
				SWIFT_EMIT_LOC_STRINGS = NO;
				SWIFT_VERSION = 5.0;
				TARGETED_DEVICE_FAMILY = "1,2";
				TEST_HOST = "$(BUILT_PRODUCTS_DIR)/Moonshot App.app/Moonshot App";
			};
			name = Release;
		};
		8EDDA20028C0EF8D00ED2773 /* Debug */ = {
			isa = XCBuildConfiguration;
			buildSettings = {
				ALWAYS_EMBED_SWIFT_STANDARD_LIBRARIES = YES;
				CODE_SIGN_STYLE = Automatic;
				CURRENT_PROJECT_VERSION = 1;
				DEVELOPMENT_TEAM = C493VDTW7S;
				GENERATE_INFOPLIST_FILE = YES;
				MARKETING_VERSION = 1.0;
				PRODUCT_BUNDLE_IDENTIFIER = "calmdays.Moonshot-AppUITests";
				PRODUCT_NAME = "$(TARGET_NAME)";
				SWIFT_EMIT_LOC_STRINGS = NO;
				SWIFT_VERSION = 5.0;
				TARGETED_DEVICE_FAMILY = "1,2";
				TEST_TARGET_NAME = "Moonshot App";
			};
			name = Debug;
		};
		8EDDA20128C0EF8D00ED2773 /* Release */ = {
			isa = XCBuildConfiguration;
			buildSettings = {
				ALWAYS_EMBED_SWIFT_STANDARD_LIBRARIES = YES;
				CODE_SIGN_STYLE = Automatic;
				CURRENT_PROJECT_VERSION = 1;
				DEVELOPMENT_TEAM = C493VDTW7S;
				GENERATE_INFOPLIST_FILE = YES;
				MARKETING_VERSION = 1.0;
				PRODUCT_BUNDLE_IDENTIFIER = "calmdays.Moonshot-AppUITests";
				PRODUCT_NAME = "$(TARGET_NAME)";
				SWIFT_EMIT_LOC_STRINGS = NO;
				SWIFT_VERSION = 5.0;
				TARGETED_DEVICE_FAMILY = "1,2";
				TEST_TARGET_NAME = "Moonshot App";
			};
			name = Release;
		};
/* End XCBuildConfiguration section */

/* Begin XCConfigurationList section */
		8EDDA1D028C0EF8900ED2773 /* Build configuration list for PBXProject "Moonshot App" */ = {
			isa = XCConfigurationList;
			buildConfigurations = (
				8EDDA1F728C0EF8D00ED2773 /* Debug */,
				8EDDA1F828C0EF8D00ED2773 /* Release */,
			);
			defaultConfigurationIsVisible = 0;
			defaultConfigurationName = Release;
		};
		8EDDA1F928C0EF8D00ED2773 /* Build configuration list for PBXNativeTarget "Moonshot App" */ = {
			isa = XCConfigurationList;
			buildConfigurations = (
				8EDDA1FA28C0EF8D00ED2773 /* Debug */,
				8EDDA1FB28C0EF8D00ED2773 /* Release */,
			);
			defaultConfigurationIsVisible = 0;
			defaultConfigurationName = Release;
		};
		8EDDA1FC28C0EF8D00ED2773 /* Build configuration list for PBXNativeTarget "Moonshot AppTests" */ = {
			isa = XCConfigurationList;
			buildConfigurations = (
				8EDDA1FD28C0EF8D00ED2773 /* Debug */,
				8EDDA1FE28C0EF8D00ED2773 /* Release */,
			);
			defaultConfigurationIsVisible = 0;
			defaultConfigurationName = Release;
		};
		8EDDA1FF28C0EF8D00ED2773 /* Build configuration list for PBXNativeTarget "Moonshot AppUITests" */ = {
			isa = XCConfigurationList;
			buildConfigurations = (
				8EDDA20028C0EF8D00ED2773 /* Debug */,
				8EDDA20128C0EF8D00ED2773 /* Release */,
			);
			defaultConfigurationIsVisible = 0;
			defaultConfigurationName = Release;
		};
/* End XCConfigurationList section */
	};
	rootObject = 8EDDA1CD28C0EF8900ED2773 /* Project object */;
}
